
Microsoft Visual Studio Solution File, Format Version 12.00
# Visual Studio Version 16
VisualStudioVersion = 16.0.31112.23
MinimumVisualStudioVersion = 10.0.40219.1
Project("{9A19103F-16F7-4668-BE54-9A1E7A4F7556}") = "BD_FinalProject", "BD_FinalProject\BD_FinalProject.csproj", "{852E2E52-C1C0-4237-BC2D-E933A171A333}"
EndProject
Global
	GlobalSection(SolutionConfigurationPlatforms) = preSolution
		Debug|Any CPU = Debug|Any CPU
		Release|Any CPU = Release|Any CPU
	EndGlobalSection
	GlobalSection(ProjectConfigurationPlatforms) = postSolution
		{852E2E52-C1C0-4237-BC2D-E933A171A333}.Debug|Any CPU.ActiveCfg = Debug|Any CPU
		{852E2E52-C1C0-4237-BC2D-E933A171A333}.Debug|Any CPU.Build.0 = Debug|Any CPU
		{852E2E52-C1C0-4237-BC2D-E933A171A333}.Release|Any CPU.ActiveCfg = Release|Any CPU
		{852E2E52-C1C0-4237-BC2D-E933A171A333}.Release|Any CPU.Build.0 = Release|Any CPU
	EndGlobalSection
	GlobalSection(SolutionProperties) = preSolution
		HideSolutionNode = FALSE
	EndGlobalSection
	GlobalSection(ExtensibilityGlobals) = postSolution
		SolutionGuid = {53A95242-4422-4745-8F96-838A44A84CBA}
	EndGlobalSection
EndGlobal
